
Microsoft Visual Studio Solution File, Format Version 12.00
# Visual Studio Version 16
VisualStudioVersion = 16.0.32106.194
MinimumVisualStudioVersion = 10.0.40219.1
Project("{FAE04EC0-301F-11D3-BF4B-00C04F79EFBC}") = "Estacionamento", "Estacionamento\Estacionamento.csproj", "{168DAB16-D5C9-45C7-A10F-EF37CE06D997}"
EndProject
Global
	GlobalSection(SolutionConfigurationPlatforms) = preSolution
		Debug|Any CPU = Debug|Any CPU
		Release|Any CPU = Release|Any CPU
	EndGlobalSection
	GlobalSection(ProjectConfigurationPlatforms) = postSolution
		{168DAB16-D5C9-45C7-A10F-EF37CE06D997}.Debug|Any CPU.ActiveCfg = Debug|Any CPU
		{168DAB16-D5C9-45C7-A10F-EF37CE06D997}.Debug|Any CPU.Build.0 = Debug|Any CPU
		{168DAB16-D5C9-45C7-A10F-EF37CE06D997}.Release|Any CPU.ActiveCfg = Release|Any CPU
		{168DAB16-D5C9-45C7-A10F-EF37CE06D997}.Release|Any CPU.Build.0 = Release|Any CPU
	EndGlobalSection
	GlobalSection(SolutionProperties) = preSolution
		HideSolutionNode = FALSE
	EndGlobalSection
	GlobalSection(ExtensibilityGlobals) = postSolution
		SolutionGuid = {DDAAB690-4296-4D15-B15A-49DE50CB3612}
	EndGlobalSection
EndGlobal
